
Microsoft Visual Studio Solution File, Format Version 12.00
# Visual Studio Version 17
VisualStudioVersion = 17.6.33626.354
MinimumVisualStudioVersion = 10.0.40219.1
Project("{FAE04EC0-301F-11D3-BF4B-00C04F79EFBC}") = "Sprinterly", "Sprinterly\Sprinterly.csproj", "{CDBF5A59-427C-4D09-9C1E-46869167864C}"
EndProject
Global
	GlobalSection(SolutionConfigurationPlatforms) = preSolution
		Debug|Any CPU = Debug|Any CPU
		Release|Any CPU = Release|Any CPU
	EndGlobalSection
	GlobalSection(ProjectConfigurationPlatforms) = postSolution
		{CDBF5A59-427C-4D09-9C1E-46869167864C}.Debug|Any CPU.ActiveCfg = Debug|Any CPU
		{CDBF5A59-427C-4D09-9C1E-46869167864C}.Debug|Any CPU.Build.0 = Debug|Any CPU
		{CDBF5A59-427C-4D09-9C1E-46869167864C}.Release|Any CPU.ActiveCfg = Release|Any CPU
		{CDBF5A59-427C-4D09-9C1E-46869167864C}.Release|Any CPU.Build.0 = Release|Any CPU
	EndGlobalSection
	GlobalSection(SolutionProperties) = preSolution
		HideSolutionNode = FALSE
	EndGlobalSection
	GlobalSection(ExtensibilityGlobals) = postSolution
		SolutionGuid = {B2523F87-02F4-4677-8209-A0FC5D2BC192}
	EndGlobalSection
EndGlobal
